
Microsoft Visual Studio Solution File, Format Version 12.00
# Visual Studio 15
VisualStudioVersion = 15.0.26228.9
MinimumVisualStudioVersion = 10.0.40219.1
Project("{FAE04EC0-301F-11D3-BF4B-00C04F79EFBC}") = "Arch.Standard", "src\Arch.Standard\Arch.Standard.csproj", "{1895BE3B-7F81-471B-885D-FEE6025C81ED}"
EndProject
Project("{2150E333-8FDC-42A3-9474-1A3956D46DE8}") = "src", "src", "{F4562D4D-A918-4EF2-B3B1-D9851A398978}"
EndProject
Project("{2150E333-8FDC-42A3-9474-1A3956D46DE8}") = "test", "test", "{A857B0BB-30EE-4D4A-A688-CFC5EF7C027A}"
EndProject
Project("{FAE04EC0-301F-11D3-BF4B-00C04F79EFBC}") = "Arch.Standard.Tests", "test\Arch.Standard.Tests\Arch.Standard.Tests.csproj", "{BEEEEF3D-F7EE-4506-98DD-0F984D14BBC3}"
EndProject
Global
	GlobalSection(SolutionConfigurationPlatforms) = preSolution
		Debug|Any CPU = Debug|Any CPU
		Release|Any CPU = Release|Any CPU
	EndGlobalSection
	GlobalSection(ProjectConfigurationPlatforms) = postSolution
		{1895BE3B-7F81-471B-885D-FEE6025C81ED}.Debug|Any CPU.ActiveCfg = Debug|Any CPU
		{1895BE3B-7F81-471B-885D-FEE6025C81ED}.Debug|Any CPU.Build.0 = Debug|Any CPU
		{1895BE3B-7F81-471B-885D-FEE6025C81ED}.Release|Any CPU.ActiveCfg = Release|Any CPU
		{1895BE3B-7F81-471B-885D-FEE6025C81ED}.Release|Any CPU.Build.0 = Release|Any CPU
		{BEEEEF3D-F7EE-4506-98DD-0F984D14BBC3}.Debug|Any CPU.ActiveCfg = Debug|Any CPU
		{BEEEEF3D-F7EE-4506-98DD-0F984D14BBC3}.Debug|Any CPU.Build.0 = Debug|Any CPU
		{BEEEEF3D-F7EE-4506-98DD-0F984D14BBC3}.Release|Any CPU.ActiveCfg = Release|Any CPU
		{BEEEEF3D-F7EE-4506-98DD-0F984D14BBC3}.Release|Any CPU.Build.0 = Release|Any CPU
	EndGlobalSection
	GlobalSection(SolutionProperties) = preSolution
		HideSolutionNode = FALSE
	EndGlobalSection
	GlobalSection(NestedProjects) = preSolution
		{1895BE3B-7F81-471B-885D-FEE6025C81ED} = {F4562D4D-A918-4EF2-B3B1-D9851A398978}
		{BEEEEF3D-F7EE-4506-98DD-0F984D14BBC3} = {A857B0BB-30EE-4D4A-A688-CFC5EF7C027A}
	EndGlobalSection
EndGlobal
